
Microsoft Visual Studio Solution File, Format Version 12.00
# Visual Studio Version 16
VisualStudioVersion = 16.0.29424.173
MinimumVisualStudioVersion = 10.0.40219.1
Project("{FAE04EC0-301F-11D3-BF4B-00C04F79EFBC}") = "XamarinNUnitRunner.UWP", "examples\XamarinNUnitRunner\UWP\XamarinNUnitRunner.UWP.csproj", "{46828B25-CAAD-4A11-BF03-9242FF6B6ACD}"
EndProject
Project("{FAE04EC0-301F-11D3-BF4B-00C04F79EFBC}") = "XamarinNUnitRunner.Android", "examples\XamarinNUnitRunner\Android\XamarinNUnitRunner.Android.csproj", "{486259F6-DB50-4B86-B46B-96260B990C44}"
EndProject
Project("{FAE04EC0-301F-11D3-BF4B-00C04F79EFBC}") = "XamarinNUnitRunner.iOS", "examples\XamarinNUnitRunner\iOS\XamarinNUnitRunner.iOS.csproj", "{F5115843-9D73-4A0A-B571-1DE9B7AAC470}"
EndProject
Project("{9A19103F-16F7-4668-BE54-9A1E7A4F7556}") = "XamarinNUnitRunner", "src\XamarinNUnitRunner\XamarinNUnitRunner.csproj", "{65CDC124-DEBB-4B29-97A3-7ED738E4DE87}"
EndProject
Project("{9A19103F-16F7-4668-BE54-9A1E7A4F7556}") = "XamarinNUnitRunner.Test", "tests\XamarinNUnitRunner.Test\XamarinNUnitRunner.Test.csproj", "{0CF7A989-1F3B-43CC-A174-6B916F72BD57}"
EndProject
Project("{9A19103F-16F7-4668-BE54-9A1E7A4F7556}") = "XamarinNUnitRunner.Test.Stub", "tests\XamarinNUnitRunner.Test\Stub\XamarinNUnitRunner.Test.Stub.csproj", "{4B4A1D74-1AEB-42B7-AC8E-C2D4FA8C3554}"
EndProject
Project("{2150E333-8FDC-42A3-9474-1A3956D46DE8}") = "Solution Items", "Solution Items", "{A07E4932-C0BD-48D8-993E-036985051AFF}"
	ProjectSection(SolutionItems) = preProject
		.editorconfig = .editorconfig
		.github\workflows\dotnetcore.yml = .github\workflows\dotnetcore.yml
		nuget.config = nuget.config
	EndProjectSection
EndProject
Global
	GlobalSection(SolutionConfigurationPlatforms) = preSolution
		Debug|Android = Debug|Android
		Debug|Any CPU = Debug|Any CPU
		Debug|ARM = Debug|ARM
		Debug|iPhone = Debug|iPhone
		Debug|iPhoneSimulator = Debug|iPhoneSimulator
		Debug|x64 = Debug|x64
		Debug|x86 = Debug|x86
		Release|Android = Release|Android
		Release|Any CPU = Release|Any CPU
		Release|ARM = Release|ARM
		Release|iPhone = Release|iPhone
		Release|iPhoneSimulator = Release|iPhoneSimulator
		Release|x64 = Release|x64
		Release|x86 = Release|x86
	EndGlobalSection
	GlobalSection(ProjectConfigurationPlatforms) = postSolution
		{46828B25-CAAD-4A11-BF03-9242FF6B6ACD}.Debug|Android.ActiveCfg = Debug|x86
		{46828B25-CAAD-4A11-BF03-9242FF6B6ACD}.Debug|Any CPU.ActiveCfg = Debug|x86
		{46828B25-CAAD-4A11-BF03-9242FF6B6ACD}.Debug|Any CPU.Build.0 = Debug|x86
		{46828B25-CAAD-4A11-BF03-9242FF6B6ACD}.Debug|Any CPU.Deploy.0 = Debug|x86
		{46828B25-CAAD-4A11-BF03-9242FF6B6ACD}.Debug|ARM.ActiveCfg = Debug|ARM
		{46828B25-CAAD-4A11-BF03-9242FF6B6ACD}.Debug|ARM.Build.0 = Debug|ARM
		{46828B25-CAAD-4A11-BF03-9242FF6B6ACD}.Debug|ARM.Deploy.0 = Debug|ARM
		{46828B25-CAAD-4A11-BF03-9242FF6B6ACD}.Debug|iPhone.ActiveCfg = Debug|x86
		{46828B25-CAAD-4A11-BF03-9242FF6B6ACD}.Debug|iPhoneSimulator.ActiveCfg = Debug|x86
		{46828B25-CAAD-4A11-BF03-9242FF6B6ACD}.Debug|x64.ActiveCfg = Debug|x64
		{46828B25-CAAD-4A11-BF03-9242FF6B6ACD}.Debug|x64.Build.0 = Debug|x64
		{46828B25-CAAD-4A11-BF03-9242FF6B6ACD}.Debug|x64.Deploy.0 = Debug|x64
		{46828B25-CAAD-4A11-BF03-9242FF6B6ACD}.Debug|x86.ActiveCfg = Debug|x86
		{46828B25-CAAD-4A11-BF03-9242FF6B6ACD}.Debug|x86.Build.0 = Debug|x86
		{46828B25-CAAD-4A11-BF03-9242FF6B6ACD}.Debug|x86.Deploy.0 = Debug|x86
		{46828B25-CAAD-4A11-BF03-9242FF6B6ACD}.Release|Android.ActiveCfg = Release|x86
		{46828B25-CAAD-4A11-BF03-9242FF6B6ACD}.Release|Any CPU.ActiveCfg = Release|x86
		{46828B25-CAAD-4A11-BF03-9242FF6B6ACD}.Release|ARM.ActiveCfg = Release|ARM
		{46828B25-CAAD-4A11-BF03-9242FF6B6ACD}.Release|iPhone.ActiveCfg = Release|x86
		{46828B25-CAAD-4A11-BF03-9242FF6B6ACD}.Release|iPhoneSimulator.ActiveCfg = Release|x86
		{46828B25-CAAD-4A11-BF03-9242FF6B6ACD}.Release|x64.ActiveCfg = Release|x64
		{46828B25-CAAD-4A11-BF03-9242FF6B6ACD}.Release|x86.ActiveCfg = Release|x86
		{486259F6-DB50-4B86-B46B-96260B990C44}.Debug|Android.ActiveCfg = Debug|Any CPU
		{486259F6-DB50-4B86-B46B-96260B990C44}.Debug|Android.Build.0 = Debug|Any CPU
		{486259F6-DB50-4B86-B46B-96260B990C44}.Debug|Android.Deploy.0 = Debug|Any CPU
		{486259F6-DB50-4B86-B46B-96260B990C44}.Debug|Any CPU.ActiveCfg = Debug|Any CPU
		{486259F6-DB50-4B86-B46B-96260B990C44}.Debug|ARM.ActiveCfg = Debug|Any CPU
		{486259F6-DB50-4B86-B46B-96260B990C44}.Debug|iPhone.ActiveCfg = Debug|Any CPU
		{486259F6-DB50-4B86-B46B-96260B990C44}.Debug|iPhoneSimulator.ActiveCfg = Debug|Any CPU
		{486259F6-DB50-4B86-B46B-96260B990C44}.Debug|x64.ActiveCfg = Debug|Any CPU
		{486259F6-DB50-4B86-B46B-96260B990C44}.Debug|x86.ActiveCfg = Debug|Any CPU
		{486259F6-DB50-4B86-B46B-96260B990C44}.Release|Android.ActiveCfg = Release|Any CPU
		{486259F6-DB50-4B86-B46B-96260B990C44}.Release|Any CPU.ActiveCfg = Release|Any CPU
		{486259F6-DB50-4B86-B46B-96260B990C44}.Release|ARM.ActiveCfg = Release|Any CPU
		{486259F6-DB50-4B86-B46B-96260B990C44}.Release|iPhone.ActiveCfg = Release|Any CPU
		{486259F6-DB50-4B86-B46B-96260B990C44}.Release|iPhoneSimulator.ActiveCfg = Release|Any CPU
		{486259F6-DB50-4B86-B46B-96260B990C44}.Release|x64.ActiveCfg = Release|Any CPU
		{486259F6-DB50-4B86-B46B-96260B990C44}.Release|x86.ActiveCfg = Release|Any CPU
		{F5115843-9D73-4A0A-B571-1DE9B7AAC470}.Debug|Android.ActiveCfg = Debug|iPhone
		{F5115843-9D73-4A0A-B571-1DE9B7AAC470}.Debug|Android.Deploy.0 = Debug|iPhone
		{F5115843-9D73-4A0A-B571-1DE9B7AAC470}.Debug|Any CPU.ActiveCfg = Debug|iPhone
		{F5115843-9D73-4A0A-B571-1DE9B7AAC470}.Debug|Any CPU.Deploy.0 = Debug|iPhone
		{F5115843-9D73-4A0A-B571-1DE9B7AAC470}.Debug|ARM.ActiveCfg = Debug|iPhoneSimulator
		{F5115843-9D73-4A0A-B571-1DE9B7AAC470}.Debug|ARM.Deploy.0 = Debug|iPhoneSimulator
		{F5115843-9D73-4A0A-B571-1DE9B7AAC470}.Debug|iPhone.ActiveCfg = Debug|iPhone
		{F5115843-9D73-4A0A-B571-1DE9B7AAC470}.Debug|iPhone.Build.0 = Debug|iPhone
		{F5115843-9D73-4A0A-B571-1DE9B7AAC470}.Debug|iPhone.Deploy.0 = Debug|iPhone
		{F5115843-9D73-4A0A-B571-1DE9B7AAC470}.Debug|iPhoneSimulator.ActiveCfg = Debug|iPhoneSimulator
		{F5115843-9D73-4A0A-B571-1DE9B7AAC470}.Debug|iPhoneSimulator.Build.0 = Debug|iPhoneSimulator
		{F5115843-9D73-4A0A-B571-1DE9B7AAC470}.Debug|iPhoneSimulator.Deploy.0 = Debug|iPhoneSimulator
		{F5115843-9D73-4A0A-B571-1DE9B7AAC470}.Debug|x64.ActiveCfg = Debug|iPhone
		{F5115843-9D73-4A0A-B571-1DE9B7AAC470}.Debug|x64.Deploy.0 = Debug|iPhone
		{F5115843-9D73-4A0A-B571-1DE9B7AAC470}.Debug|x86.ActiveCfg = Debug|iPhone
		{F5115843-9D73-4A0A-B571-1DE9B7AAC470}.Debug|x86.Deploy.0 = Debug|iPhone
		{F5115843-9D73-4A0A-B571-1DE9B7AAC470}.Release|Android.ActiveCfg = Release|iPhone
		{F5115843-9D73-4A0A-B571-1DE9B7AAC470}.Release|Android.Deploy.0 = Release|iPhone
		{F5115843-9D73-4A0A-B571-1DE9B7AAC470}.Release|Any CPU.ActiveCfg = Release|iPhone
		{F5115843-9D73-4A0A-B571-1DE9B7AAC470}.Release|Any CPU.Deploy.0 = Release|iPhone
		{F5115843-9D73-4A0A-B571-1DE9B7AAC470}.Release|ARM.ActiveCfg = Release|iPhone
		{F5115843-9D73-4A0A-B571-1DE9B7AAC470}.Release|ARM.Deploy.0 = Release|iPhone
		{F5115843-9D73-4A0A-B571-1DE9B7AAC470}.Release|iPhone.ActiveCfg = Release|iPhone
		{F5115843-9D73-4A0A-B571-1DE9B7AAC470}.Release|iPhone.Deploy.0 = Release|iPhone
		{F5115843-9D73-4A0A-B571-1DE9B7AAC470}.Release|iPhoneSimulator.ActiveCfg = Release|iPhoneSimulator
		{F5115843-9D73-4A0A-B571-1DE9B7AAC470}.Release|iPhoneSimulator.Deploy.0 = Release|iPhoneSimulator
		{F5115843-9D73-4A0A-B571-1DE9B7AAC470}.Release|x64.ActiveCfg = Release|iPhone
		{F5115843-9D73-4A0A-B571-1DE9B7AAC470}.Release|x64.Deploy.0 = Release|iPhone
		{F5115843-9D73-4A0A-B571-1DE9B7AAC470}.Release|x86.ActiveCfg = Release|iPhone
		{F5115843-9D73-4A0A-B571-1DE9B7AAC470}.Release|x86.Deploy.0 = Release|iPhone
		{65CDC124-DEBB-4B29-97A3-7ED738E4DE87}.Debug|Android.ActiveCfg = Debug|Any CPU
		{65CDC124-DEBB-4B29-97A3-7ED738E4DE87}.Debug|Android.Build.0 = Debug|Any CPU
		{65CDC124-DEBB-4B29-97A3-7ED738E4DE87}.Debug|Android.Deploy.0 = Debug|Any CPU
		{65CDC124-DEBB-4B29-97A3-7ED738E4DE87}.Debug|Any CPU.ActiveCfg = Debug|Any CPU
		{65CDC124-DEBB-4B29-97A3-7ED738E4DE87}.Debug|Any CPU.Build.0 = Debug|Any CPU
		{65CDC124-DEBB-4B29-97A3-7ED738E4DE87}.Debug|Any CPU.Deploy.0 = Debug|Any CPU
		{65CDC124-DEBB-4B29-97A3-7ED738E4DE87}.Debug|ARM.ActiveCfg = Debug|Any CPU
		{65CDC124-DEBB-4B29-97A3-7ED738E4DE87}.Debug|ARM.Build.0 = Debug|Any CPU
		{65CDC124-DEBB-4B29-97A3-7ED738E4DE87}.Debug|ARM.Deploy.0 = Debug|Any CPU
		{65CDC124-DEBB-4B29-97A3-7ED738E4DE87}.Debug|iPhone.ActiveCfg = Debug|Any CPU
		{65CDC124-DEBB-4B29-97A3-7ED738E4DE87}.Debug|iPhone.Build.0 = Debug|Any CPU
		{65CDC124-DEBB-4B29-97A3-7ED738E4DE87}.Debug|iPhone.Deploy.0 = Debug|Any CPU
		{65CDC124-DEBB-4B29-97A3-7ED738E4DE87}.Debug|iPhoneSimulator.ActiveCfg = Debug|Any CPU
		{65CDC124-DEBB-4B29-97A3-7ED738E4DE87}.Debug|iPhoneSimulator.Build.0 = Debug|Any CPU
		{65CDC124-DEBB-4B29-97A3-7ED738E4DE87}.Debug|iPhoneSimulator.Deploy.0 = Debug|Any CPU
		{65CDC124-DEBB-4B29-97A3-7ED738E4DE87}.Debug|x64.ActiveCfg = Debug|Any CPU
		{65CDC124-DEBB-4B29-97A3-7ED738E4DE87}.Debug|x64.Build.0 = Debug|Any CPU
		{65CDC124-DEBB-4B29-97A3-7ED738E4DE87}.Debug|x64.Deploy.0 = Debug|Any CPU
		{65CDC124-DEBB-4B29-97A3-7ED738E4DE87}.Debug|x86.ActiveCfg = Debug|Any CPU
		{65CDC124-DEBB-4B29-97A3-7ED738E4DE87}.Debug|x86.Build.0 = Debug|Any CPU
		{65CDC124-DEBB-4B29-97A3-7ED738E4DE87}.Debug|x86.Deploy.0 = Debug|Any CPU
		{65CDC124-DEBB-4B29-97A3-7ED738E4DE87}.Release|Android.ActiveCfg = Release|Any CPU
		{65CDC124-DEBB-4B29-97A3-7ED738E4DE87}.Release|Android.Build.0 = Release|Any CPU
		{65CDC124-DEBB-4B29-97A3-7ED738E4DE87}.Release|Android.Deploy.0 = Release|Any CPU
		{65CDC124-DEBB-4B29-97A3-7ED738E4DE87}.Release|Any CPU.ActiveCfg = Release|Any CPU
		{65CDC124-DEBB-4B29-97A3-7ED738E4DE87}.Release|Any CPU.Build.0 = Release|Any CPU
		{65CDC124-DEBB-4B29-97A3-7ED738E4DE87}.Release|Any CPU.Deploy.0 = Release|Any CPU
		{65CDC124-DEBB-4B29-97A3-7ED738E4DE87}.Release|ARM.ActiveCfg = Release|Any CPU
		{65CDC124-DEBB-4B29-97A3-7ED738E4DE87}.Release|ARM.Build.0 = Release|Any CPU
		{65CDC124-DEBB-4B29-97A3-7ED738E4DE87}.Release|ARM.Deploy.0 = Release|Any CPU
		{65CDC124-DEBB-4B29-97A3-7ED738E4DE87}.Release|iPhone.ActiveCfg = Release|Any CPU
		{65CDC124-DEBB-4B29-97A3-7ED738E4DE87}.Release|iPhone.Build.0 = Release|Any CPU
		{65CDC124-DEBB-4B29-97A3-7ED738E4DE87}.Release|iPhone.Deploy.0 = Release|Any CPU
		{65CDC124-DEBB-4B29-97A3-7ED738E4DE87}.Release|iPhoneSimulator.ActiveCfg = Release|Any CPU
		{65CDC124-DEBB-4B29-97A3-7ED738E4DE87}.Release|iPhoneSimulator.Build.0 = Release|Any CPU
		{65CDC124-DEBB-4B29-97A3-7ED738E4DE87}.Release|iPhoneSimulator.Deploy.0 = Release|Any CPU
		{65CDC124-DEBB-4B29-97A3-7ED738E4DE87}.Release|x64.ActiveCfg = Release|Any CPU
		{65CDC124-DEBB-4B29-97A3-7ED738E4DE87}.Release|x64.Build.0 = Release|Any CPU
		{65CDC124-DEBB-4B29-97A3-7ED738E4DE87}.Release|x64.Deploy.0 = Release|Any CPU
		{65CDC124-DEBB-4B29-97A3-7ED738E4DE87}.Release|x86.ActiveCfg = Release|Any CPU
		{65CDC124-DEBB-4B29-97A3-7ED738E4DE87}.Release|x86.Build.0 = Release|Any CPU
		{65CDC124-DEBB-4B29-97A3-7ED738E4DE87}.Release|x86.Deploy.0 = Release|Any CPU
		{0CF7A989-1F3B-43CC-A174-6B916F72BD57}.Debug|Android.ActiveCfg = Debug|Any CPU
		{0CF7A989-1F3B-43CC-A174-6B916F72BD57}.Debug|Android.Build.0 = Debug|Any CPU
		{0CF7A989-1F3B-43CC-A174-6B916F72BD57}.Debug|Any CPU.ActiveCfg = Debug|Any CPU
		{0CF7A989-1F3B-43CC-A174-6B916F72BD57}.Debug|Any CPU.Build.0 = Debug|Any CPU
		{0CF7A989-1F3B-43CC-A174-6B916F72BD57}.Debug|ARM.ActiveCfg = Debug|Any CPU
		{0CF7A989-1F3B-43CC-A174-6B916F72BD57}.Debug|ARM.Build.0 = Debug|Any CPU
		{0CF7A989-1F3B-43CC-A174-6B916F72BD57}.Debug|iPhone.ActiveCfg = Debug|Any CPU
		{0CF7A989-1F3B-43CC-A174-6B916F72BD57}.Debug|iPhone.Build.0 = Debug|Any CPU
		{0CF7A989-1F3B-43CC-A174-6B916F72BD57}.Debug|iPhoneSimulator.ActiveCfg = Debug|Any CPU
		{0CF7A989-1F3B-43CC-A174-6B916F72BD57}.Debug|iPhoneSimulator.Build.0 = Debug|Any CPU
		{0CF7A989-1F3B-43CC-A174-6B916F72BD57}.Debug|x64.ActiveCfg = Debug|Any CPU
		{0CF7A989-1F3B-43CC-A174-6B916F72BD57}.Debug|x64.Build.0 = Debug|Any CPU
		{0CF7A989-1F3B-43CC-A174-6B916F72BD57}.Debug|x86.ActiveCfg = Debug|Any CPU
		{0CF7A989-1F3B-43CC-A174-6B916F72BD57}.Debug|x86.Build.0 = Debug|Any CPU
		{0CF7A989-1F3B-43CC-A174-6B916F72BD57}.Release|Android.ActiveCfg = Release|Any CPU
		{0CF7A989-1F3B-43CC-A174-6B916F72BD57}.Release|Android.Build.0 = Release|Any CPU
		{0CF7A989-1F3B-43CC-A174-6B916F72BD57}.Release|Any CPU.ActiveCfg = Release|Any CPU
		{0CF7A989-1F3B-43CC-A174-6B916F72BD57}.Release|Any CPU.Build.0 = Release|Any CPU
		{0CF7A989-1F3B-43CC-A174-6B916F72BD57}.Release|ARM.ActiveCfg = Release|Any CPU
		{0CF7A989-1F3B-43CC-A174-6B916F72BD57}.Release|ARM.Build.0 = Release|Any CPU
		{0CF7A989-1F3B-43CC-A174-6B916F72BD57}.Release|iPhone.ActiveCfg = Release|Any CPU
		{0CF7A989-1F3B-43CC-A174-6B916F72BD57}.Release|iPhone.Build.0 = Release|Any CPU
		{0CF7A989-1F3B-43CC-A174-6B916F72BD57}.Release|iPhoneSimulator.ActiveCfg = Release|Any CPU
		{0CF7A989-1F3B-43CC-A174-6B916F72BD57}.Release|iPhoneSimulator.Build.0 = Release|Any CPU
		{0CF7A989-1F3B-43CC-A174-6B916F72BD57}.Release|x64.ActiveCfg = Release|Any CPU
		{0CF7A989-1F3B-43CC-A174-6B916F72BD57}.Release|x64.Build.0 = Release|Any CPU
		{0CF7A989-1F3B-43CC-A174-6B916F72BD57}.Release|x86.ActiveCfg = Release|Any CPU
		{0CF7A989-1F3B-43CC-A174-6B916F72BD57}.Release|x86.Build.0 = Release|Any CPU
		{4B4A1D74-1AEB-42B7-AC8E-C2D4FA8C3554}.Debug|Android.ActiveCfg = Debug|Any CPU
		{4B4A1D74-1AEB-42B7-AC8E-C2D4FA8C3554}.Debug|Android.Build.0 = Debug|Any CPU
		{4B4A1D74-1AEB-42B7-AC8E-C2D4FA8C3554}.Debug|Any CPU.ActiveCfg = Debug|Any CPU
		{4B4A1D74-1AEB-42B7-AC8E-C2D4FA8C3554}.Debug|Any CPU.Build.0 = Debug|Any CPU
		{4B4A1D74-1AEB-42B7-AC8E-C2D4FA8C3554}.Debug|ARM.ActiveCfg = Debug|Any CPU
		{4B4A1D74-1AEB-42B7-AC8E-C2D4FA8C3554}.Debug|ARM.Build.0 = Debug|Any CPU
		{4B4A1D74-1AEB-42B7-AC8E-C2D4FA8C3554}.Debug|iPhone.ActiveCfg = Debug|Any CPU
		{4B4A1D74-1AEB-42B7-AC8E-C2D4FA8C3554}.Debug|iPhone.Build.0 = Debug|Any CPU
		{4B4A1D74-1AEB-42B7-AC8E-C2D4FA8C3554}.Debug|iPhoneSimulator.ActiveCfg = Debug|Any CPU
		{4B4A1D74-1AEB-42B7-AC8E-C2D4FA8C3554}.Debug|iPhoneSimulator.Build.0 = Debug|Any CPU
		{4B4A1D74-1AEB-42B7-AC8E-C2D4FA8C3554}.Debug|x64.ActiveCfg = Debug|Any CPU
		{4B4A1D74-1AEB-42B7-AC8E-C2D4FA8C3554}.Debug|x64.Build.0 = Debug|Any CPU
		{4B4A1D74-1AEB-42B7-AC8E-C2D4FA8C3554}.Debug|x86.ActiveCfg = Debug|Any CPU
		{4B4A1D74-1AEB-42B7-AC8E-C2D4FA8C3554}.Debug|x86.Build.0 = Debug|Any CPU
		{4B4A1D74-1AEB-42B7-AC8E-C2D4FA8C3554}.Release|Android.ActiveCfg = Release|Any CPU
		{4B4A1D74-1AEB-42B7-AC8E-C2D4FA8C3554}.Release|Android.Build.0 = Release|Any CPU
		{4B4A1D74-1AEB-42B7-AC8E-C2D4FA8C3554}.Release|Any CPU.ActiveCfg = Release|Any CPU
		{4B4A1D74-1AEB-42B7-AC8E-C2D4FA8C3554}.Release|Any CPU.Build.0 = Release|Any CPU
		{4B4A1D74-1AEB-42B7-AC8E-C2D4FA8C3554}.Release|ARM.ActiveCfg = Release|Any CPU
		{4B4A1D74-1AEB-42B7-AC8E-C2D4FA8C3554}.Release|ARM.Build.0 = Release|Any CPU
		{4B4A1D74-1AEB-42B7-AC8E-C2D4FA8C3554}.Release|iPhone.ActiveCfg = Release|Any CPU
		{4B4A1D74-1AEB-42B7-AC8E-C2D4FA8C3554}.Release|iPhone.Build.0 = Release|Any CPU
		{4B4A1D74-1AEB-42B7-AC8E-C2D4FA8C3554}.Release|iPhoneSimulator.ActiveCfg = Release|Any CPU
		{4B4A1D74-1AEB-42B7-AC8E-C2D4FA8C3554}.Release|iPhoneSimulator.Build.0 = Release|Any CPU
		{4B4A1D74-1AEB-42B7-AC8E-C2D4FA8C3554}.Release|x64.ActiveCfg = Release|Any CPU
		{4B4A1D74-1AEB-42B7-AC8E-C2D4FA8C3554}.Release|x64.Build.0 = Release|Any CPU
		{4B4A1D74-1AEB-42B7-AC8E-C2D4FA8C3554}.Release|x86.ActiveCfg = Release|Any CPU
		{4B4A1D74-1AEB-42B7-AC8E-C2D4FA8C3554}.Release|x86.Build.0 = Release|Any CPU
	EndGlobalSection
	GlobalSection(SolutionProperties) = preSolution
		HideSolutionNode = FALSE
	EndGlobalSection
	GlobalSection(ExtensibilityGlobals) = postSolution
		SolutionGuid = {AD2FF86A-FA93-4963-969C-4F5F3C09B79C}
	EndGlobalSection
EndGlobal
